
Microsoft Visual Studio Solution File, Format Version 12.00
# Visual Studio Version 17
VisualStudioVersion = 17.5.33502.453
MinimumVisualStudioVersion = 10.0.40219.1
Project("{9A19103F-16F7-4668-BE54-9A1E7A4F7556}") = "MISA.Web062023.AMIS.Application", "..\MISA.Web062023.AMIS.Application\MISA.Web062023.AMIS.Application.csproj", "{92334AA5-5055-4B6D-B09F-DEFAD0594AE4}"
EndProject
Project("{9A19103F-16F7-4668-BE54-9A1E7A4F7556}") = "MISA.Web062023.AMIS.Domain", "..\MISA.Web062023.AMIS.Domain\MISA.Web062023.AMIS.Domain.csproj", "{6E002EE0-19E5-4090-B85C-CE554C40AEB4}"
EndProject
Project("{9A19103F-16F7-4668-BE54-9A1E7A4F7556}") = "MISA.Web062023.AMIS.Infrastructure", "..\MISA.Web062023.AMIS.Infrastructure\MISA.Web062023.AMIS.Infrastructure.csproj", "{6CD0445F-63B2-418E-B5CC-896FE447B069}"
EndProject
Project("{9A19103F-16F7-4668-BE54-9A1E7A4F7556}") = "MISA.Web062023.AMIS.API", "MISA.Web062023.AMIS.API.csproj", "{BE883E58-9ACA-4A97-AE09-074E44544023}"
EndProject
Project("{FAE04EC0-301F-11D3-BF4B-00C04F79EFBC}") = "MISA.Web062023.AMIS.Domain.UnitTests", "..\MISA.Web062023.AMIS.Domain.UnitTests\MISA.Web062023.AMIS.Domain.UnitTests.csproj", "{F11E82EC-D0D1-49E9-BEB3-4765A5E5D8BC}"
EndProject
Project("{2150E333-8FDC-42A3-9474-1A3956D46DE8}") = "Solution Items", "Solution Items", "{57A4209C-E7A5-4408-B9D5-2CE8B2E8F0C3}"
	ProjectSection(SolutionItems) = preProject
		.editorconfig = .editorconfig
	EndProjectSection
EndProject
Project("{FAE04EC0-301F-11D3-BF4B-00C04F79EFBC}") = "MISA.Web062023.AMIS.Application.UnitTests", "..\MISA.Web062023.AMIS.Application.UnitTests\MISA.Web062023.AMIS.Application.UnitTests.csproj", "{E24B0AB6-2C94-487F-9FE0-9B3D7EE4A980}"
EndProject
Global
	GlobalSection(SolutionConfigurationPlatforms) = preSolution
		Debug|Any CPU = Debug|Any CPU
		Release|Any CPU = Release|Any CPU
	EndGlobalSection
	GlobalSection(ProjectConfigurationPlatforms) = postSolution
		{92334AA5-5055-4B6D-B09F-DEFAD0594AE4}.Debug|Any CPU.ActiveCfg = Debug|Any CPU
		{92334AA5-5055-4B6D-B09F-DEFAD0594AE4}.Debug|Any CPU.Build.0 = Debug|Any CPU
		{92334AA5-5055-4B6D-B09F-DEFAD0594AE4}.Release|Any CPU.ActiveCfg = Release|Any CPU
		{92334AA5-5055-4B6D-B09F-DEFAD0594AE4}.Release|Any CPU.Build.0 = Release|Any CPU
		{6E002EE0-19E5-4090-B85C-CE554C40AEB4}.Debug|Any CPU.ActiveCfg = Debug|Any CPU
		{6E002EE0-19E5-4090-B85C-CE554C40AEB4}.Debug|Any CPU.Build.0 = Debug|Any CPU
		{6E002EE0-19E5-4090-B85C-CE554C40AEB4}.Release|Any CPU.ActiveCfg = Release|Any CPU
		{6E002EE0-19E5-4090-B85C-CE554C40AEB4}.Release|Any CPU.Build.0 = Release|Any CPU
		{6CD0445F-63B2-418E-B5CC-896FE447B069}.Debug|Any CPU.ActiveCfg = Debug|Any CPU
		{6CD0445F-63B2-418E-B5CC-896FE447B069}.Debug|Any CPU.Build.0 = Debug|Any CPU
		{6CD0445F-63B2-418E-B5CC-896FE447B069}.Release|Any CPU.ActiveCfg = Release|Any CPU
		{6CD0445F-63B2-418E-B5CC-896FE447B069}.Release|Any CPU.Build.0 = Release|Any CPU
		{BE883E58-9ACA-4A97-AE09-074E44544023}.Debug|Any CPU.ActiveCfg = Debug|Any CPU
		{BE883E58-9ACA-4A97-AE09-074E44544023}.Debug|Any CPU.Build.0 = Debug|Any CPU
		{BE883E58-9ACA-4A97-AE09-074E44544023}.Release|Any CPU.ActiveCfg = Release|Any CPU
		{BE883E58-9ACA-4A97-AE09-074E44544023}.Release|Any CPU.Build.0 = Release|Any CPU
		{F11E82EC-D0D1-49E9-BEB3-4765A5E5D8BC}.Debug|Any CPU.ActiveCfg = Debug|Any CPU
		{F11E82EC-D0D1-49E9-BEB3-4765A5E5D8BC}.Debug|Any CPU.Build.0 = Debug|Any CPU
		{F11E82EC-D0D1-49E9-BEB3-4765A5E5D8BC}.Release|Any CPU.ActiveCfg = Release|Any CPU
		{F11E82EC-D0D1-49E9-BEB3-4765A5E5D8BC}.Release|Any CPU.Build.0 = Release|Any CPU
		{E24B0AB6-2C94-487F-9FE0-9B3D7EE4A980}.Debug|Any CPU.ActiveCfg = Debug|Any CPU
		{E24B0AB6-2C94-487F-9FE0-9B3D7EE4A980}.Debug|Any CPU.Build.0 = Debug|Any CPU
		{E24B0AB6-2C94-487F-9FE0-9B3D7EE4A980}.Release|Any CPU.ActiveCfg = Release|Any CPU
		{E24B0AB6-2C94-487F-9FE0-9B3D7EE4A980}.Release|Any CPU.Build.0 = Release|Any CPU
	EndGlobalSection
	GlobalSection(SolutionProperties) = preSolution
		HideSolutionNode = FALSE
	EndGlobalSection
	GlobalSection(ExtensibilityGlobals) = postSolution
		SolutionGuid = {D231F104-F115-48A5-8477-19E224E4E6E0}
	EndGlobalSection
EndGlobal
